// !$*UTF8*$!
{
	archiveVersion = 1;
	classes = {
	};
	objectVersion = 50;
	objects = {

/* Begin PBXBuildFile section */
		360C5CB1231D1E2400B04188 /* AppDelegate.swift in Sources */ = {isa = PBXBuildFile; fileRef = 360C5CB0231D1E2400B04188 /* AppDelegate.swift */; };
		360C5CB3231D1E2400B04188 /* ViewController.swift in Sources */ = {isa = PBXBuildFile; fileRef = 360C5CB2231D1E2400B04188 /* ViewController.swift */; };
		360C5CB6231D1E2400B04188 /* Main.storyboard in Resources */ = {isa = PBXBuildFile; fileRef = 360C5CB4231D1E2400B04188 /* Main.storyboard */; };
		360C5CB8231D1E2600B04188 /* Assets.xcassets in Resources */ = {isa = PBXBuildFile; fileRef = 360C5CB7231D1E2600B04188 /* Assets.xcassets */; };
		360C5CBB231D1E2600B04188 /* LaunchScreen.storyboard in Resources */ = {isa = PBXBuildFile; fileRef = 360C5CB9231D1E2600B04188 /* LaunchScreen.storyboard */; };
		360C5CC6231D1E2600B04188 /* diceGameTests.swift in Sources */ = {isa = PBXBuildFile; fileRef = 360C5CC5231D1E2600B04188 /* diceGameTests.swift */; };
		360C5CD1231D1E2600B04188 /* diceGameUITests.swift in Sources */ = {isa = PBXBuildFile; fileRef = 360C5CD0231D1E2600B04188 /* diceGameUITests.swift */; };
		3670E1DA231EBC720073D5C9 /* Wateva.swift in Sources */ = {isa = PBXBuildFile; fileRef = 3670E1D9231EBC720073D5C9 /* Wateva.swift */; };
/* End PBXBuildFile section */

/* Begin PBXContainerItemProxy section */
		360C5CC2231D1E2600B04188 /* PBXContainerItemProxy */ = {
			isa = PBXContainerItemProxy;
			containerPortal = 360C5CA5231D1E2400B04188 /* Project object */;
			proxyType = 1;
			remoteGlobalIDString = 360C5CAC231D1E2400B04188;
			remoteInfo = diceGame;
		};
		360C5CCD231D1E2600B04188 /* PBXContainerItemProxy */ = {
			isa = PBXContainerItemProxy;
			containerPortal = 360C5CA5231D1E2400B04188 /* Project object */;
			proxyType = 1;
			remoteGlobalIDString = 360C5CAC231D1E2400B04188;
			remoteInfo = diceGame;
		};
/* End PBXContainerItemProxy section */

/* Begin PBXFileReference section */
		360C5CAD231D1E2400B04188 /* diceGame.app */ = {isa = PBXFileReference; explicitFileType = wrapper.application; includeInIndex = 0; path = diceGame.app; sourceTree = BUILT_PRODUCTS_DIR; };
		360C5CB0231D1E2400B04188 /* AppDelegate.swift */ = {isa = PBXFileReference; lastKnownFileType = sourcecode.swift; path = AppDelegate.swift; sourceTree = "<group>"; };
		360C5CB2231D1E2400B04188 /* ViewController.swift */ = {isa = PBXFileReference; lastKnownFileType = sourcecode.swift; path = ViewController.swift; sourceTree = "<group>"; };
		360C5CB5231D1E2400B04188 /* Base */ = {isa = PBXFileReference; lastKnownFileType = file.storyboard; name = Base; path = Base.lproj/Main.storyboard; sourceTree = "<group>"; };
		360C5CB7231D1E2600B04188 /* Assets.xcassets */ = {isa = PBXFileReference; lastKnownFileType = folder.assetcatalog; path = Assets.xcassets; sourceTree = "<group>"; };
		360C5CBA231D1E2600B04188 /* Base */ = {isa = PBXFileReference; lastKnownFileType = file.storyboard; name = Base; path = Base.lproj/LaunchScreen.storyboard; sourceTree = "<group>"; };
		360C5CBC231D1E2600B04188 /* Info.plist */ = {isa = PBXFileReference; lastKnownFileType = text.plist.xml; path = Info.plist; sourceTree = "<group>"; };
		360C5CC1231D1E2600B04188 /* diceGameTests.xctest */ = {isa = PBXFileReference; explicitFileType = wrapper.cfbundle; includeInIndex = 0; path = diceGameTests.xctest; sourceTree = BUILT_PRODUCTS_DIR; };
		360C5CC5231D1E2600B04188 /* diceGameTests.swift */ = {isa = PBXFileReference; lastKnownFileType = sourcecode.swift; path = diceGameTests.swift; sourceTree = "<group>"; };
		360C5CC7231D1E2600B04188 /* Info.plist */ = {isa = PBXFileReference; lastKnownFileType = text.plist.xml; path = Info.plist; sourceTree = "<group>"; };
		360C5CCC231D1E2600B04188 /* diceGameUITests.xctest */ = {isa = PBXFileReference; explicitFileType = wrapper.cfbundle; includeInIndex = 0; path = diceGameUITests.xctest; sourceTree = BUILT_PRODUCTS_DIR; };
		360C5CD0231D1E2600B04188 /* diceGameUITests.swift */ = {isa = PBXFileReference; lastKnownFileType = sourcecode.swift; path = diceGameUITests.swift; sourceTree = "<group>"; };
		360C5CD2231D1E2600B04188 /* Info.plist */ = {isa = PBXFileReference; lastKnownFileType = text.plist.xml; path = Info.plist; sourceTree = "<group>"; };
		3670E1D9231EBC720073D5C9 /* Wateva.swift */ = {isa = PBXFileReference; lastKnownFileType = sourcecode.swift; path = Wateva.swift; sourceTree = "<group>"; };
/* End PBXFileReference section */

/* Begin PBXFrameworksBuildPhase section */
		360C5CAA231D1E2400B04188 /* Frameworks */ = {
			isa = PBXFrameworksBuildPhase;
			buildActionMask = 2147483647;
			files = (
			);
			runOnlyForDeploymentPostprocessing = 0;
		};
		360C5CBE231D1E2600B04188 /* Frameworks */ = {
			isa = PBXFrameworksBuildPhase;
			buildActionMask = 2147483647;
			files = (
			);
			runOnlyForDeploymentPostprocessing = 0;
		};
		360C5CC9231D1E2600B04188 /* Frameworks */ = {
			isa = PBXFrameworksBuildPhase;
			buildActionMask = 2147483647;
			files = (
			);
			runOnlyForDeploymentPostprocessing = 0;
		};
/* End PBXFrameworksBuildPhase section */

/* Begin PBXGroup section */
		360C5CA4231D1E2400B04188 = {
			isa = PBXGroup;
			children = (
				360C5CAF231D1E2400B04188 /* diceGame */,
				360C5CC4231D1E2600B04188 /* diceGameTests */,
				360C5CCF231D1E2600B04188 /* diceGameUITests */,
				360C5CAE231D1E2400B04188 /* Products */,
			);
			sourceTree = "<group>";
		};
		360C5CAE231D1E2400B04188 /* Products */ = {
			isa = PBXGroup;
			children = (
				360C5CAD231D1E2400B04188 /* diceGame.app */,
				360C5CC1231D1E2600B04188 /* diceGameTests.xctest */,
				360C5CCC231D1E2600B04188 /* diceGameUITests.xctest */,
			);
			name = Products;
			sourceTree = "<group>";
		};
		360C5CAF231D1E2400B04188 /* diceGame */ = {
			isa = PBXGroup;
			children = (
				360C5CB0231D1E2400B04188 /* AppDelegate.swift */,
				360C5CB2231D1E2400B04188 /* ViewController.swift */,
				3670E1D9231EBC720073D5C9 /* Wateva.swift */,
				360C5CB4231D1E2400B04188 /* Main.storyboard */,
				360C5CB7231D1E2600B04188 /* Assets.xcassets */,
				360C5CB9231D1E2600B04188 /* LaunchScreen.storyboard */,
				360C5CBC231D1E2600B04188 /* Info.plist */,
			);
			path = diceGame;
			sourceTree = "<group>";
		};
		360C5CC4231D1E2600B04188 /* diceGameTests */ = {
			isa = PBXGroup;
			children = (
				360C5CC5231D1E2600B04188 /* diceGameTests.swift */,
				360C5CC7231D1E2600B04188 /* Info.plist */,
			);
			path = diceGameTests;
			sourceTree = "<group>";
		};
		360C5CCF231D1E2600B04188 /* diceGameUITests */ = {
			isa = PBXGroup;
			children = (
				360C5CD0231D1E2600B04188 /* diceGameUITests.swift */,
				360C5CD2231D1E2600B04188 /* Info.plist */,
			);
			path = diceGameUITests;
			sourceTree = "<group>";
		};
/* End PBXGroup section */

/* Begin PBXNativeTarget section */
		360C5CAC231D1E2400B04188 /* diceGame */ = {
			isa = PBXNativeTarget;
			buildConfigurationList = 360C5CD5231D1E2600B04188 /* Build configuration list for PBXNativeTarget "diceGame" */;
			buildPhases = (
				360C5CA9231D1E2400B04188 /* Sources */,
				360C5CAA231D1E2400B04188 /* Frameworks */,
				360C5CAB231D1E2400B04188 /* Resources */,
			);
			buildRules = (
			);
			dependencies = (
			);
			name = diceGame;
			productName = diceGame;
			productReference = 360C5CAD231D1E2400B04188 /* diceGame.app */;
			productType = "com.apple.product-type.application";
		};
		360C5CC0231D1E2600B04188 /* diceGameTests */ = {
			isa = PBXNativeTarget;
			buildConfigurationList = 360C5CD8231D1E2600B04188 /* Build configuration list for PBXNativeTarget "diceGameTests" */;
			buildPhases = (
				360C5CBD231D1E2600B04188 /* Sources */,
				360C5CBE231D1E2600B04188 /* Frameworks */,
				360C5CBF231D1E2600B04188 /* Resources */,
			);
			buildRules = (
			);
			dependencies = (
				360C5CC3231D1E2600B04188 /* PBXTargetDependency */,
			);
			name = diceGameTests;
			productName = diceGameTests;
			productReference = 360C5CC1231D1E2600B04188 /* diceGameTests.xctest */;
			productType = "com.apple.product-type.bundle.unit-test";
		};
		360C5CCB231D1E2600B04188 /* diceGameUITests */ = {
			isa = PBXNativeTarget;
			buildConfigurationList = 360C5CDB231D1E2600B04188 /* Build configuration list for PBXNativeTarget "diceGameUITests" */;
			buildPhases = (
				360C5CC8231D1E2600B04188 /* Sources */,
				360C5CC9231D1E2600B04188 /* Frameworks */,
				360C5CCA231D1E2600B04188 /* Resources */,
			);
			buildRules = (
			);
			dependencies = (
				360C5CCE231D1E2600B04188 /* PBXTargetDependency */,
			);
			name = diceGameUITests;
			productName = diceGameUITests;
			productReference = 360C5CCC231D1E2600B04188 /* diceGameUITests.xctest */;
			productType = "com.apple.product-type.bundle.ui-testing";
		};
/* End PBXNativeTarget section */

/* Begin PBXProject section */
		360C5CA5231D1E2400B04188 /* Project object */ = {
			isa = PBXProject;
			attributes = {
				LastSwiftUpdateCheck = 1020;
				LastUpgradeCheck = 1020;
				ORGANIZATIONNAME = codenation;
				TargetAttributes = {
					360C5CAC231D1E2400B04188 = {
						CreatedOnToolsVersion = 10.2.1;
					};
					360C5CC0231D1E2600B04188 = {
						CreatedOnToolsVersion = 10.2.1;
						TestTargetID = 360C5CAC231D1E2400B04188;
					};
					360C5CCB231D1E2600B04188 = {
						CreatedOnToolsVersion = 10.2.1;
						TestTargetID = 360C5CAC231D1E2400B04188;
					};
				};
			};
			buildConfigurationList = 360C5CA8231D1E2400B04188 /* Build configuration list for PBXProject "diceGame" */;
			compatibilityVersion = "Xcode 9.3";
			developmentRegion = en;
			hasScannedForEncodings = 0;
			knownRegions = (
				en,
				Base,
			);
			mainGroup = 360C5CA4231D1E2400B04188;
			productRefGroup = 360C5CAE231D1E2400B04188 /* Products */;
			projectDirPath = "";
			projectRoot = "";
			targets = (
				360C5CAC231D1E2400B04188 /* diceGame */,
				360C5CC0231D1E2600B04188 /* diceGameTests */,
				360C5CCB231D1E2600B04188 /* diceGameUITests */,
			);
		};
/* End PBXProject section */

/* Begin PBXResourcesBuildPhase section */
		360C5CAB231D1E2400B04188 /* Resources */ = {
			isa = PBXResourcesBuildPhase;
			buildActionMask = 2147483647;
			files = (
				360C5CBB231D1E2600B04188 /* LaunchScreen.storyboard in Resources */,
				360C5CB8231D1E2600B04188 /* Assets.xcassets in Resources */,
				360C5CB6231D1E2400B04188 /* Main.storyboard in Resources */,
			);
			runOnlyForDeploymentPostprocessing = 0;
		};
		360C5CBF231D1E2600B04188 /* Resources */ = {
			isa = PBXResourcesBuildPhase;
			buildActionMask = 2147483647;
			files = (
			);
			runOnlyForDeploymentPostprocessing = 0;
		};
		360C5CCA231D1E2600B04188 /* Resources */ = {
			isa = PBXResourcesBuildPhase;
			buildActionMask = 2147483647;
			files = (
			);
			runOnlyForDeploymentPostprocessing = 0;
		};
/* End PBXResourcesBuildPhase section */

/* Begin PBXSourcesBuildPhase section */
		360C5CA9231D1E2400B04188 /* Sources */ = {
			isa = PBXSourcesBuildPhase;
			buildActionMask = 2147483647;
			files = (
				360C5CB3231D1E2400B04188 /* ViewController.swift in Sources */,
				3670E1DA231EBC720073D5C9 /* Wateva.swift in Sources */,
				360C5CB1231D1E2400B04188 /* AppDelegate.swift in Sources */,
			);
			runOnlyForDeploymentPostprocessing = 0;
		};
		360C5CBD231D1E2600B04188 /* Sources */ = {
			isa = PBXSourcesBuildPhase;
			buildActionMask = 2147483647;
			files = (
				360C5CC6231D1E2600B04188 /* diceGameTests.swift in Sources */,
			);
			runOnlyForDeploymentPostprocessing = 0;
		};
		360C5CC8231D1E2600B04188 /* Sources */ = {
			isa = PBXSourcesBuildPhase;
			buildActionMask = 2147483647;
			files = (
				360C5CD1231D1E2600B04188 /* diceGameUITests.swift in Sources */,
			);
			runOnlyForDeploymentPostprocessing = 0;
		};
/* End PBXSourcesBuildPhase section */

/* Begin PBXTargetDependency section */
		360C5CC3231D1E2600B04188 /* PBXTargetDependency */ = {
			isa = PBXTargetDependency;
			target = 360C5CAC231D1E2400B04188 /* diceGame */;
			targetProxy = 360C5CC2231D1E2600B04188 /* PBXContainerItemProxy */;
		};
		360C5CCE231D1E2600B04188 /* PBXTargetDependency */ = {
			isa = PBXTargetDependency;
			target = 360C5CAC231D1E2400B04188 /* diceGame */;
			targetProxy = 360C5CCD231D1E2600B04188 /* PBXContainerItemProxy */;
		};
/* End PBXTargetDependency section */

/* Begin PBXVariantGroup section */
		360C5CB4231D1E2400B04188 /* Main.storyboard */ = {
			isa = PBXVariantGroup;
			children = (
				360C5CB5231D1E2400B04188 /* Base */,
			);
			name = Main.storyboard;
			sourceTree = "<group>";
		};
		360C5CB9231D1E2600B04188 /* LaunchScreen.storyboard */ = {
			isa = PBXVariantGroup;
			children = (
				360C5CBA231D1E2600B04188 /* Base */,
			);
			name = LaunchScreen.storyboard;
			sourceTree = "<group>";
		};
/* End PBXVariantGroup section */

/* Begin XCBuildConfiguration section */
		360C5CD3231D1E2600B04188 /* Debug */ = {
			isa = XCBuildConfiguration;
			buildSettings = {
				ALWAYS_SEARCH_USER_PATHS = NO;
				CLANG_ANALYZER_NONNULL = YES;
				CLANG_ANALYZER_NUMBER_OBJECT_CONVERSION = YES_AGGRESSIVE;
				CLANG_CXX_LANGUAGE_STANDARD = "gnu++14";
				CLANG_CXX_LIBRARY = "libc++";
				CLANG_ENABLE_MODULES = YES;
				CLANG_ENABLE_OBJC_ARC = YES;
				CLANG_ENABLE_OBJC_WEAK = YES;
				CLANG_WARN_BLOCK_CAPTURE_AUTORELEASING = YES;
				CLANG_WARN_BOOL_CONVERSION = YES;
				CLANG_WARN_COMMA = YES;
				CLANG_WARN_CONSTANT_CONVERSION = YES;
				CLANG_WARN_DEPRECATED_OBJC_IMPLEMENTATIONS = YES;
				CLANG_WARN_DIRECT_OBJC_ISA_USAGE = YES_ERROR;
				CLANG_WARN_DOCUMENTATION_COMMENTS = YES;
				CLANG_WARN_EMPTY_BODY = YES;
				CLANG_WARN_ENUM_CONVERSION = YES;
				CLANG_WARN_INFINITE_RECURSION = YES;
				CLANG_WARN_INT_CONVERSION = YES;
				CLANG_WARN_NON_LITERAL_NULL_CONVERSION = YES;
				CLANG_WARN_OBJC_IMPLICIT_RETAIN_SELF = YES;
				CLANG_WARN_OBJC_LITERAL_CONVERSION = YES;
				CLANG_WARN_OBJC_ROOT_CLASS = YES_ERROR;
				CLANG_WARN_RANGE_LOOP_ANALYSIS = YES;
				CLANG_WARN_STRICT_PROTOTYPES = YES;
				CLANG_WARN_SUSPICIOUS_MOVE = YES;
				CLANG_WARN_UNGUARDED_AVAILABILITY = YES_AGGRESSIVE;
				CLANG_WARN_UNREACHABLE_CODE = YES;
				CLANG_WARN__DUPLICATE_METHOD_MATCH = YES;
				CODE_SIGN_IDENTITY = "iPhone Developer";
				COPY_PHASE_STRIP = NO;
				DEBUG_INFORMATION_FORMAT = dwarf;
				ENABLE_STRICT_OBJC_MSGSEND = YES;
				ENABLE_TESTABILITY = YES;
				GCC_C_LANGUAGE_STANDARD = gnu11;
				GCC_DYNAMIC_NO_PIC = NO;
				GCC_NO_COMMON_BLOCKS = YES;
				GCC_OPTIMIZATION_LEVEL = 0;
				GCC_PREPROCESSOR_DEFINITIONS = (
					"DEBUG=1",
					"$(inherited)",
				);
				GCC_WARN_64_TO_32_BIT_CONVERSION = YES;
				GCC_WARN_ABOUT_RETURN_TYPE = YES_ERROR;
				GCC_WARN_UNDECLARED_SELECTOR = YES;
				GCC_WARN_UNINITIALIZED_AUTOS = YES_AGGRESSIVE;
				GCC_WARN_UNUSED_FUNCTION = YES;
				GCC_WARN_UNUSED_VARIABLE = YES;
				IPHONEOS_DEPLOYMENT_TARGET = 12.2;
				MTL_ENABLE_DEBUG_INFO = INCLUDE_SOURCE;
				MTL_FAST_MATH = YES;
				ONLY_ACTIVE_ARCH = YES;
				SDKROOT = iphoneos;
				SWIFT_ACTIVE_COMPILATION_CONDITIONS = DEBUG;
				SWIFT_OPTIMIZATION_LEVEL = "-Onone";
			};
			name = Debug;
		};
		360C5CD4231D1E2600B04188 /* Release */ = {
			isa = XCBuildConfiguration;
			buildSettings = {
				ALWAYS_SEARCH_USER_PATHS = NO;
				CLANG_ANALYZER_NONNULL = YES;
				CLANG_ANALYZER_NUMBER_OBJECT_CONVERSION = YES_AGGRESSIVE;
				CLANG_CXX_LANGUAGE_STANDARD = "gnu++14";
				CLANG_CXX_LIBRARY = "libc++";
				CLANG_ENABLE_MODULES = YES;
				CLANG_ENABLE_OBJC_ARC = YES;
				CLANG_ENABLE_OBJC_WEAK = YES;
				CLANG_WARN_BLOCK_CAPTURE_AUTORELEASING = YES;
				CLANG_WARN_BOOL_CONVERSION = YES;
				CLANG_WARN_COMMA = YES;
				CLANG_WARN_CONSTANT_CONVERSION = YES;
				CLANG_WARN_DEPRECATED_OBJC_IMPLEMENTATIONS = YES;
				CLANG_WARN_DIRECT_OBJC_ISA_USAGE = YES_ERROR;
				CLANG_WARN_DOCUMENTATION_COMMENTS = YES;
				CLANG_WARN_EMPTY_BODY = YES;
				CLANG_WARN_ENUM_CONVERSION = YES;
				CLANG_WARN_INFINITE_RECURSION = YES;
				CLANG_WARN_INT_CONVERSION = YES;
				CLANG_WARN_NON_LITERAL_NULL_CONVERSION = YES;
				CLANG_WARN_OBJC_IMPLICIT_RETAIN_SELF = YES;
				CLANG_WARN_OBJC_LITERAL_CONVERSION = YES;
				CLANG_WARN_OBJC_ROOT_CLASS = YES_ERROR;
				CLANG_WARN_RANGE_LOOP_ANALYSIS = YES;
				CLANG_WARN_STRICT_PROTOTYPES = YES;
				CLANG_WARN_SUSPICIOUS_MOVE = YES;
				CLANG_WARN_UNGUARDED_AVAILABILITY = YES_AGGRESSIVE;
				CLANG_WARN_UNREACHABLE_CODE = YES;
				CLANG_WARN__DUPLICATE_METHOD_MATCH = YES;
				CODE_SIGN_IDENTITY = "iPhone Developer";
				COPY_PHASE_STRIP = NO;
				DEBUG_INFORMATION_FORMAT = "dwarf-with-dsym";
				ENABLE_NS_ASSERTIONS = NO;
				ENABLE_STRICT_OBJC_MSGSEND = YES;
				GCC_C_LANGUAGE_STANDARD = gnu11;
				GCC_NO_COMMON_BLOCKS = YES;
				GCC_WARN_64_TO_32_BIT_CONVERSION = YES;
				GCC_WARN_ABOUT_RETURN_TYPE = YES_ERROR;
				GCC_WARN_UNDECLARED_SELECTOR = YES;
				GCC_WARN_UNINITIALIZED_AUTOS = YES_AGGRESSIVE;
				GCC_WARN_UNUSED_FUNCTION = YES;
				GCC_WARN_UNUSED_VARIABLE = YES;
				IPHONEOS_DEPLOYMENT_TARGET = 12.2;
				MTL_ENABLE_DEBUG_INFO = NO;
				MTL_FAST_MATH = YES;
				SDKROOT = iphoneos;
				SWIFT_COMPILATION_MODE = wholemodule;
				SWIFT_OPTIMIZATION_LEVEL = "-O";
				VALIDATE_PRODUCT = YES;
			};
			name = Release;
		};
		360C5CD6231D1E2600B04188 /* Debug */ = {
			isa = XCBuildConfiguration;
			buildSettings = {
				ASSETCATALOG_COMPILER_APPICON_NAME = AppIcon;
				CODE_SIGN_STYLE = Manual;
				DEVELOPMENT_TEAM = "";
				INFOPLIST_FILE = diceGame/Info.plist;
				LD_RUNPATH_SEARCH_PATHS = (
					"$(inherited)",
					"@executable_path/Frameworks",
				);
				PRODUCT_BUNDLE_IDENTIFIER = CN.diceGame;
				PRODUCT_NAME = "$(TARGET_NAME)";
				PROVISIONING_PROFILE_SPECIFIER = "";
				SWIFT_VERSION = 5.0;
				TARGETED_DEVICE_FAMILY = "1,2";
			};
			name = Debug;
		};
		360C5CD7231D1E2600B04188 /* Release */ = {
			isa = XCBuildConfiguration;
			buildSettings = {
				ASSETCATALOG_COMPILER_APPICON_NAME = AppIcon;
				CODE_SIGN_STYLE = Manual;
				DEVELOPMENT_TEAM = "";
				INFOPLIST_FILE = diceGame/Info.plist;
				LD_RUNPATH_SEARCH_PATHS = (
					"$(inherited)",
					"@executable_path/Frameworks",
				);
				PRODUCT_BUNDLE_IDENTIFIER = CN.diceGame;
				PRODUCT_NAME = "$(TARGET_NAME)";
				PROVISIONING_PROFILE_SPECIFIER = "";
				SWIFT_VERSION = 5.0;
				TARGETED_DEVICE_FAMILY = "1,2";
			};
			name = Release;
		};
		360C5CD9231D1E2600B04188 /* Debug */ = {
			isa = XCBuildConfiguration;
			buildSettings = {
				ALWAYS_EMBED_SWIFT_STANDARD_LIBRARIES = YES;
				BUNDLE_LOADER = "$(TEST_HOST)";
				CODE_SIGN_STYLE = Automatic;
				INFOPLIST_FILE = diceGameTests/Info.plist;
				LD_RUNPATH_SEARCH_PATHS = (
					"$(inherited)",
					"@executable_path/Frameworks",
					"@loader_path/Frameworks",
				);
				PRODUCT_BUNDLE_IDENTIFIER = CN.diceGameTests;
				PRODUCT_NAME = "$(TARGET_NAME)";
				SWIFT_VERSION = 5.0;
				TARGETED_DEVICE_FAMILY = "1,2";
				TEST_HOST = "$(BUILT_PRODUCTS_DIR)/diceGame.app/diceGame";
			};
			name = Debug;
		};
		360C5CDA231D1E2600B04188 /* Release */ = {
			isa = XCBuildConfiguration;
			buildSettings = {
				ALWAYS_EMBED_SWIFT_STANDARD_LIBRARIES = YES;
				BUNDLE_LOADER = "$(TEST_HOST)";
				CODE_SIGN_STYLE = Automatic;
				INFOPLIST_FILE = diceGameTests/Info.plist;
				LD_RUNPATH_SEARCH_PATHS = (
					"$(inherited)",
					"@executable_path/Frameworks",
					"@loader_path/Frameworks",
				);
				PRODUCT_BUNDLE_IDENTIFIER = CN.diceGameTests;
				PRODUCT_NAME = "$(TARGET_NAME)";
				SWIFT_VERSION = 5.0;
				TARGETED_DEVICE_FAMILY = "1,2";
				TEST_HOST = "$(BUILT_PRODUCTS_DIR)/diceGame.app/diceGame";
			};
			name = Release;
		};
		360C5CDC231D1E2600B04188 /* Debug */ = {
			isa = XCBuildConfiguration;
			buildSettings = {
				ALWAYS_EMBED_SWIFT_STANDARD_LIBRARIES = YES;
				CODE_SIGN_STYLE = Automatic;
				INFOPLIST_FILE = diceGameUITests/Info.plist;
				LD_RUNPATH_SEARCH_PATHS = (
					"$(inherited)",
					"@executable_path/Frameworks",
					"@loader_path/Frameworks",
				);
				PRODUCT_BUNDLE_IDENTIFIER = CN.diceGameUITests;
				PRODUCT_NAME = "$(TARGET_NAME)";
				SWIFT_VERSION = 5.0;
				TARGETED_DEVICE_FAMILY = "1,2";
				TEST_TARGET_NAME = diceGame;
			};
			name = Debug;
		};
		360C5CDD231D1E2600B04188 /* Release */ = {
			isa = XCBuildConfiguration;
			buildSettings = {
				ALWAYS_EMBED_SWIFT_STANDARD_LIBRARIES = YES;
				CODE_SIGN_STYLE = Automatic;
				INFOPLIST_FILE = diceGameUITests/Info.plist;
				LD_RUNPATH_SEARCH_PATHS = (
					"$(inherited)",
					"@executable_path/Frameworks",
					"@loader_path/Frameworks",
				);
				PRODUCT_BUNDLE_IDENTIFIER = CN.diceGameUITests;
				PRODUCT_NAME = "$(TARGET_NAME)";
				SWIFT_VERSION = 5.0;
				TARGETED_DEVICE_FAMILY = "1,2";
				TEST_TARGET_NAME = diceGame;
			};
			name = Release;
		};
/* End XCBuildConfiguration section */

/* Begin XCConfigurationList section */
		360C5CA8231D1E2400B04188 /* Build configuration list for PBXProject "diceGame" */ = {
			isa = XCConfigurationList;
			buildConfigurations = (
				360C5CD3231D1E2600B04188 /* Debug */,
				360C5CD4231D1E2600B04188 /* Release */,
			);
			defaultConfigurationIsVisible = 0;
			defaultConfigurationName = Release;
		};
		360C5CD5231D1E2600B04188 /* Build configuration list for PBXNativeTarget "diceGame" */ = {
			isa = XCConfigurationList;
			buildConfigurations = (
				360C5CD6231D1E2600B04188 /* Debug */,
				360C5CD7231D1E2600B04188 /* Release */,
			);
			defaultConfigurationIsVisible = 0;
			defaultConfigurationName = Release;
		};
		360C5CD8231D1E2600B04188 /* Build configuration list for PBXNativeTarget "diceGameTests" */ = {
			isa = XCConfigurationList;
			buildConfigurations = (
				360C5CD9231D1E2600B04188 /* Debug */,
				360C5CDA231D1E2600B04188 /* Release */,
			);
			defaultConfigurationIsVisible = 0;
			defaultConfigurationName = Release;
		};
		360C5CDB231D1E2600B04188 /* Build configuration list for PBXNativeTarget "diceGameUITests" */ = {
			isa = XCConfigurationList;
			buildConfigurations = (
				360C5CDC231D1E2600B04188 /* Debug */,
				360C5CDD231D1E2600B04188 /* Release */,
			);
			defaultConfigurationIsVisible = 0;
			defaultConfigurationName = Release;
		};
/* End XCConfigurationList section */
	};
	rootObject = 360C5CA5231D1E2400B04188 /* Project object */;
}
